
Microsoft Visual Studio Solution File, Format Version 12.00
# Visual Studio Version 16
VisualStudioVersion = 16.0.30002.166
MinimumVisualStudioVersion = 10.0.40219.1
Project("{FAE04EC0-301F-11D3-BF4B-00C04F79EFBC}") = "SmtpScaler", "SmtpScaler\SmtpScaler.csproj", "{13869597-EFB7-4B28-88CA-BE905F39CD7D}"
EndProject
Global
	GlobalSection(SolutionConfigurationPlatforms) = preSolution
		Debug|Any CPU = Debug|Any CPU
		Release|Any CPU = Release|Any CPU
	EndGlobalSection
	GlobalSection(ProjectConfigurationPlatforms) = postSolution
		{13869597-EFB7-4B28-88CA-BE905F39CD7D}.Debug|Any CPU.ActiveCfg = Debug|Any CPU
		{13869597-EFB7-4B28-88CA-BE905F39CD7D}.Debug|Any CPU.Build.0 = Debug|Any CPU
		{13869597-EFB7-4B28-88CA-BE905F39CD7D}.Release|Any CPU.ActiveCfg = Release|Any CPU
		{13869597-EFB7-4B28-88CA-BE905F39CD7D}.Release|Any CPU.Build.0 = Release|Any CPU
	EndGlobalSection
	GlobalSection(SolutionProperties) = preSolution
		HideSolutionNode = FALSE
	EndGlobalSection
	GlobalSection(ExtensibilityGlobals) = postSolution
		SolutionGuid = {ADFC2825-BA20-4BF4-9974-9382F1BE7D5C}
	EndGlobalSection
EndGlobal
